
Microsoft Visual Studio Solution File, Format Version 12.00
# Visual Studio Version 17
VisualStudioVersion = 17.6.33723.286
MinimumVisualStudioVersion = 10.0.40219.1
Project("{9A19103F-16F7-4668-BE54-9A1E7A4F7556}") = "ConsumeWebAPI", "ConsumeWebAPI.csproj", "{DC7DE812-183B-4EC6-90FB-5A5DA19A0CAA}"
EndProject
Project("{FAE04EC0-301F-11D3-BF4B-00C04F79EFBC}") = "CRUDWithWebAPI", "..\CRUDWithWebAPI\CRUDWithWebAPI.csproj", "{094F5C40-8F47-430D-A43F-60892B1DB835}"
EndProject
Global
	GlobalSection(SolutionConfigurationPlatforms) = preSolution
		Debug|Any CPU = Debug|Any CPU
		Release|Any CPU = Release|Any CPU
	EndGlobalSection
	GlobalSection(ProjectConfigurationPlatforms) = postSolution
		{DC7DE812-183B-4EC6-90FB-5A5DA19A0CAA}.Debug|Any CPU.ActiveCfg = Debug|Any CPU
		{DC7DE812-183B-4EC6-90FB-5A5DA19A0CAA}.Debug|Any CPU.Build.0 = Debug|Any CPU
		{DC7DE812-183B-4EC6-90FB-5A5DA19A0CAA}.Release|Any CPU.ActiveCfg = Release|Any CPU
		{DC7DE812-183B-4EC6-90FB-5A5DA19A0CAA}.Release|Any CPU.Build.0 = Release|Any CPU
		{094F5C40-8F47-430D-A43F-60892B1DB835}.Debug|Any CPU.ActiveCfg = Debug|Any CPU
		{094F5C40-8F47-430D-A43F-60892B1DB835}.Debug|Any CPU.Build.0 = Debug|Any CPU
		{094F5C40-8F47-430D-A43F-60892B1DB835}.Release|Any CPU.ActiveCfg = Release|Any CPU
		{094F5C40-8F47-430D-A43F-60892B1DB835}.Release|Any CPU.Build.0 = Release|Any CPU
	EndGlobalSection
	GlobalSection(SolutionProperties) = preSolution
		HideSolutionNode = FALSE
	EndGlobalSection
	GlobalSection(ExtensibilityGlobals) = postSolution
		SolutionGuid = {2FE01D58-F8FA-4D62-BFEE-2D4272D30DB6}
	EndGlobalSection
EndGlobal
