
Microsoft Visual Studio Solution File, Format Version 12.00
# Visual Studio Version 17
VisualStudioVersion = 17.6.33723.286
MinimumVisualStudioVersion = 10.0.40219.1
Project("{FAE04EC0-301F-11D3-BF4B-00C04F79EFBC}") = "WebAPiNet6Ver2", "WebAPiNet6Ver2.csproj", "{4E60CC92-ED6A-410A-AE90-A27D7AAEFFE9}"
EndProject
Global
	GlobalSection(SolutionConfigurationPlatforms) = preSolution
		Debug|Any CPU = Debug|Any CPU
		Release|Any CPU = Release|Any CPU
	EndGlobalSection
	GlobalSection(ProjectConfigurationPlatforms) = postSolution
		{4E60CC92-ED6A-410A-AE90-A27D7AAEFFE9}.Debug|Any CPU.ActiveCfg = Debug|Any CPU
		{4E60CC92-ED6A-410A-AE90-A27D7AAEFFE9}.Debug|Any CPU.Build.0 = Debug|Any CPU
		{4E60CC92-ED6A-410A-AE90-A27D7AAEFFE9}.Release|Any CPU.ActiveCfg = Release|Any CPU
		{4E60CC92-ED6A-410A-AE90-A27D7AAEFFE9}.Release|Any CPU.Build.0 = Release|Any CPU
	EndGlobalSection
	GlobalSection(SolutionProperties) = preSolution
		HideSolutionNode = FALSE
	EndGlobalSection
	GlobalSection(ExtensibilityGlobals) = postSolution
		SolutionGuid = {60B69E85-DD8E-46E9-8098-858D693391E6}
	EndGlobalSection
EndGlobal
